
Microsoft Visual Studio Solution File, Format Version 12.00
# Visual Studio 2013
Project("{FAE04EC0-301F-11D3-BF4B-00C04F79EFBC}") = "UnityVS.New Unity Project 3.CSharp", "UnityVS.New Unity Project 3.CSharp.csproj", "{3BCEF1FD-C2C0-2C45-F22B-65FC15AE64E4}"
EndProject
Project("{FAE04EC0-301F-11D3-BF4B-00C04F79EFBC}") = "UnityVS.New Unity Project 3.CSharp.Plugins", "UnityVS.New Unity Project 3.CSharp.Plugins.csproj", "{7236A958-C4EB-01FB-8046-BD607AA3B868}"
EndProject
Global
	GlobalSection(SolutionConfigurationPlatforms) = preSolution
		Debug|Any CPU = Debug|Any CPU
		Release|Any CPU = Release|Any CPU
	EndGlobalSection
	GlobalSection(ProjectConfigurationPlatforms) = postSolution
		{3BCEF1FD-C2C0-2C45-F22B-65FC15AE64E4}.Debug|Any CPU.ActiveCfg = Debug|Any CPU
		{3BCEF1FD-C2C0-2C45-F22B-65FC15AE64E4}.Debug|Any CPU.Build.0 = Debug|Any CPU
		{3BCEF1FD-C2C0-2C45-F22B-65FC15AE64E4}.Release|Any CPU.ActiveCfg = Release|Any CPU
		{3BCEF1FD-C2C0-2C45-F22B-65FC15AE64E4}.Release|Any CPU.Build.0 = Release|Any CPU
		{7236A958-C4EB-01FB-8046-BD607AA3B868}.Debug|Any CPU.ActiveCfg = Debug|Any CPU
		{7236A958-C4EB-01FB-8046-BD607AA3B868}.Debug|Any CPU.Build.0 = Debug|Any CPU
		{7236A958-C4EB-01FB-8046-BD607AA3B868}.Release|Any CPU.ActiveCfg = Release|Any CPU
		{7236A958-C4EB-01FB-8046-BD607AA3B868}.Release|Any CPU.Build.0 = Release|Any CPU
	EndGlobalSection
	GlobalSection(SolutionProperties) = preSolution
		HideSolutionNode = FALSE
	EndGlobalSection
EndGlobal
